// !$*UTF8*$!
{
	archiveVersion = 1;
	classes = {
	};
	objectVersion = 56;
	objects = {

/* Begin PBXBuildFile section */
		0915EEBB2BF8F3E30099A8C3 /* ConfigView.swift in Sources */ = {isa = PBXBuildFile; fileRef = 0915EEBA2BF8F3E30099A8C3 /* ConfigView.swift */; };
		0915EEBD2BF93BF90099A8C3 /* Torrent.swift in Sources */ = {isa = PBXBuildFile; fileRef = 0915EEBC2BF93BF90099A8C3 /* Torrent.swift */; };
		093E1B2A2BFA2A7D00AD15ED /* TransmissionRPC.swift in Sources */ = {isa = PBXBuildFile; fileRef = 093E1B292BFA2A7D00AD15ED /* TransmissionRPC.swift */; };
		09A53C342C01C8CC0052E68C /* WidgetKit.framework in Frameworks */ = {isa = PBXBuildFile; fileRef = 09A53C332C01C8CC0052E68C /* WidgetKit.framework */; };
		09A53C362C01C8CC0052E68C /* SwiftUI.framework in Frameworks */ = {isa = PBXBuildFile; fileRef = 09A53C352C01C8CC0052E68C /* SwiftUI.framework */; };
		09A53C392C01C8CC0052E68C /* TransmissionProgressBundle.swift in Sources */ = {isa = PBXBuildFile; fileRef = 09A53C382C01C8CC0052E68C /* TransmissionProgressBundle.swift */; };
		09A53C3B2C01C8CC0052E68C /* TransmissionProgressLiveActivity.swift in Sources */ = {isa = PBXBuildFile; fileRef = 09A53C3A2C01C8CC0052E68C /* TransmissionProgressLiveActivity.swift */; };
		09A53C3D2C01C8CC0052E68C /* TransmissionProgress.swift in Sources */ = {isa = PBXBuildFile; fileRef = 09A53C3C2C01C8CC0052E68C /* TransmissionProgress.swift */; };
		09A53C3F2C01C8CE0052E68C /* Assets.xcassets in Resources */ = {isa = PBXBuildFile; fileRef = 09A53C3E2C01C8CE0052E68C /* Assets.xcassets */; };
		09A53C432C01C8CE0052E68C /* TransmissionProgressExtension.appex in Embed Foundation Extensions */ = {isa = PBXBuildFile; fileRef = 09A53C312C01C8CC0052E68C /* TransmissionProgressExtension.appex */; settings = {ATTRIBUTES = (RemoveHeadersOnCopy, ); }; };
		09A53C492C01C9460052E68C /* TorrentProgressAttributes.swift in Sources */ = {isa = PBXBuildFile; fileRef = 09A53C482C01C9460052E68C /* TorrentProgressAttributes.swift */; };
		09A53C4A2C01C9460052E68C /* TorrentProgressAttributes.swift in Sources */ = {isa = PBXBuildFile; fileRef = 09A53C482C01C9460052E68C /* TorrentProgressAttributes.swift */; };
		09CDFCAC2BF8D43E00C2B4C1 /* Transmission_clientApp.swift in Sources */ = {isa = PBXBuildFile; fileRef = 09CDFCAB2BF8D43E00C2B4C1 /* Transmission_clientApp.swift */; };
		09CDFCAE2BF8D43E00C2B4C1 /* TorrentListView.swift in Sources */ = {isa = PBXBuildFile; fileRef = 09CDFCAD2BF8D43E00C2B4C1 /* TorrentListView.swift */; };
		09CDFCB02BF8D43E00C2B4C1 /* Item.swift in Sources */ = {isa = PBXBuildFile; fileRef = 09CDFCAF2BF8D43E00C2B4C1 /* Item.swift */; };
		09CDFCB22BF8D43F00C2B4C1 /* Assets.xcassets in Resources */ = {isa = PBXBuildFile; fileRef = 09CDFCB12BF8D43F00C2B4C1 /* Assets.xcassets */; };
		09CDFCB62BF8D43F00C2B4C1 /* Preview Assets.xcassets in Resources */ = {isa = PBXBuildFile; fileRef = 09CDFCB52BF8D43F00C2B4C1 /* Preview Assets.xcassets */; };
/* End PBXBuildFile section */

/* Begin PBXContainerItemProxy section */
		09A53C412C01C8CE0052E68C /* PBXContainerItemProxy */ = {
			isa = PBXContainerItemProxy;
			containerPortal = 09CDFCA02BF8D43E00C2B4C1 /* Project object */;
			proxyType = 1;
			remoteGlobalIDString = 09A53C302C01C8CC0052E68C;
			remoteInfo = TransmissionProgressExtension;
		};
/* End PBXContainerItemProxy section */

/* Begin PBXCopyFilesBuildPhase section */
		09A53C442C01C8CE0052E68C /* Embed Foundation Extensions */ = {
			isa = PBXCopyFilesBuildPhase;
			buildActionMask = 2147483647;
			dstPath = "";
			dstSubfolderSpec = 13;
			files = (
				09A53C432C01C8CE0052E68C /* TransmissionProgressExtension.appex in Embed Foundation Extensions */,
			);
			name = "Embed Foundation Extensions";
			runOnlyForDeploymentPostprocessing = 0;
		};
/* End PBXCopyFilesBuildPhase section */

/* Begin PBXFileReference section */
		0915EEBA2BF8F3E30099A8C3 /* ConfigView.swift */ = {isa = PBXFileReference; lastKnownFileType = sourcecode.swift; path = ConfigView.swift; sourceTree = "<group>"; };
		0915EEBC2BF93BF90099A8C3 /* Torrent.swift */ = {isa = PBXFileReference; lastKnownFileType = sourcecode.swift; path = Torrent.swift; sourceTree = "<group>"; };
		093E1B292BFA2A7D00AD15ED /* TransmissionRPC.swift */ = {isa = PBXFileReference; lastKnownFileType = sourcecode.swift; path = TransmissionRPC.swift; sourceTree = "<group>"; };
		09A53C312C01C8CC0052E68C /* TransmissionProgressExtension.appex */ = {isa = PBXFileReference; explicitFileType = "wrapper.app-extension"; includeInIndex = 0; path = TransmissionProgressExtension.appex; sourceTree = BUILT_PRODUCTS_DIR; };
		09A53C332C01C8CC0052E68C /* WidgetKit.framework */ = {isa = PBXFileReference; lastKnownFileType = wrapper.framework; name = WidgetKit.framework; path = System/Library/Frameworks/WidgetKit.framework; sourceTree = SDKROOT; };
		09A53C352C01C8CC0052E68C /* SwiftUI.framework */ = {isa = PBXFileReference; lastKnownFileType = wrapper.framework; name = SwiftUI.framework; path = System/Library/Frameworks/SwiftUI.framework; sourceTree = SDKROOT; };
		09A53C382C01C8CC0052E68C /* TransmissionProgressBundle.swift */ = {isa = PBXFileReference; lastKnownFileType = sourcecode.swift; path = TransmissionProgressBundle.swift; sourceTree = "<group>"; };
		09A53C3A2C01C8CC0052E68C /* TransmissionProgressLiveActivity.swift */ = {isa = PBXFileReference; lastKnownFileType = sourcecode.swift; path = TransmissionProgressLiveActivity.swift; sourceTree = "<group>"; };
		09A53C3C2C01C8CC0052E68C /* TransmissionProgress.swift */ = {isa = PBXFileReference; lastKnownFileType = sourcecode.swift; path = TransmissionProgress.swift; sourceTree = "<group>"; };
		09A53C3E2C01C8CE0052E68C /* Assets.xcassets */ = {isa = PBXFileReference; lastKnownFileType = folder.assetcatalog; path = Assets.xcassets; sourceTree = "<group>"; };
		09A53C402C01C8CE0052E68C /* Info.plist */ = {isa = PBXFileReference; lastKnownFileType = text.plist.xml; path = Info.plist; sourceTree = "<group>"; };
		09A53C482C01C9460052E68C /* TorrentProgressAttributes.swift */ = {isa = PBXFileReference; lastKnownFileType = sourcecode.swift; path = TorrentProgressAttributes.swift; sourceTree = "<group>"; };
		09CDFCA82BF8D43E00C2B4C1 /* Transmission-client.app */ = {isa = PBXFileReference; explicitFileType = wrapper.application; includeInIndex = 0; path = "Transmission-client.app"; sourceTree = BUILT_PRODUCTS_DIR; };
		09CDFCAB2BF8D43E00C2B4C1 /* Transmission_clientApp.swift */ = {isa = PBXFileReference; lastKnownFileType = sourcecode.swift; path = Transmission_clientApp.swift; sourceTree = "<group>"; };
		09CDFCAD2BF8D43E00C2B4C1 /* TorrentListView.swift */ = {isa = PBXFileReference; lastKnownFileType = sourcecode.swift; path = TorrentListView.swift; sourceTree = "<group>"; };
		09CDFCAF2BF8D43E00C2B4C1 /* Item.swift */ = {isa = PBXFileReference; lastKnownFileType = sourcecode.swift; path = Item.swift; sourceTree = "<group>"; };
		09CDFCB12BF8D43F00C2B4C1 /* Assets.xcassets */ = {isa = PBXFileReference; lastKnownFileType = folder.assetcatalog; path = Assets.xcassets; sourceTree = "<group>"; };
		09CDFCB32BF8D43F00C2B4C1 /* Transmission_client.entitlements */ = {isa = PBXFileReference; lastKnownFileType = text.plist.entitlements; path = Transmission_client.entitlements; sourceTree = "<group>"; };
		09CDFCB52BF8D43F00C2B4C1 /* Preview Assets.xcassets */ = {isa = PBXFileReference; lastKnownFileType = folder.assetcatalog; path = "Preview Assets.xcassets"; sourceTree = "<group>"; };
/* End PBXFileReference section */

/* Begin PBXFrameworksBuildPhase section */
		09A53C2E2C01C8CC0052E68C /* Frameworks */ = {
			isa = PBXFrameworksBuildPhase;
			buildActionMask = 2147483647;
			files = (
				09A53C362C01C8CC0052E68C /* SwiftUI.framework in Frameworks */,
				09A53C342C01C8CC0052E68C /* WidgetKit.framework in Frameworks */,
			);
			runOnlyForDeploymentPostprocessing = 0;
		};
		09CDFCA52BF8D43E00C2B4C1 /* Frameworks */ = {
			isa = PBXFrameworksBuildPhase;
			buildActionMask = 2147483647;
			files = (
			);
			runOnlyForDeploymentPostprocessing = 0;
		};
/* End PBXFrameworksBuildPhase section */

/* Begin PBXGroup section */
		0915EEBE2BF93C010099A8C3 /* Models */ = {
			isa = PBXGroup;
			children = (
				0915EEBC2BF93BF90099A8C3 /* Torrent.swift */,
				09CDFCAF2BF8D43E00C2B4C1 /* Item.swift */,
				09A53C482C01C9460052E68C /* TorrentProgressAttributes.swift */,
			);
			path = Models;
			sourceTree = "<group>";
		};
		0915EEBF2BF944600099A8C3 /* Views */ = {
			isa = PBXGroup;
			children = (
				09CDFCAD2BF8D43E00C2B4C1 /* TorrentListView.swift */,
				0915EEBA2BF8F3E30099A8C3 /* ConfigView.swift */,
			);
			path = Views;
			sourceTree = "<group>";
		};
		093E1B282BF9EF7000AD15ED /* Services */ = {
			isa = PBXGroup;
			children = (
				093E1B292BFA2A7D00AD15ED /* TransmissionRPC.swift */,
			);
			path = Services;
			sourceTree = "<group>";
		};
		09A53C322C01C8CC0052E68C /* Frameworks */ = {
			isa = PBXGroup;
			children = (
				09A53C332C01C8CC0052E68C /* WidgetKit.framework */,
				09A53C352C01C8CC0052E68C /* SwiftUI.framework */,
			);
			name = Frameworks;
			sourceTree = "<group>";
		};
		09A53C372C01C8CC0052E68C /* TransmissionProgress */ = {
			isa = PBXGroup;
			children = (
				09A53C382C01C8CC0052E68C /* TransmissionProgressBundle.swift */,
				09A53C3A2C01C8CC0052E68C /* TransmissionProgressLiveActivity.swift */,
				09A53C3C2C01C8CC0052E68C /* TransmissionProgress.swift */,
				09A53C3E2C01C8CE0052E68C /* Assets.xcassets */,
				09A53C402C01C8CE0052E68C /* Info.plist */,
			);
			path = TransmissionProgress;
			sourceTree = "<group>";
		};
		09CDFC9F2BF8D43E00C2B4C1 = {
			isa = PBXGroup;
			children = (
				09CDFCAA2BF8D43E00C2B4C1 /* Transmission-client */,
				09A53C372C01C8CC0052E68C /* TransmissionProgress */,
				09A53C322C01C8CC0052E68C /* Frameworks */,
				09CDFCA92BF8D43E00C2B4C1 /* Products */,
			);
			sourceTree = "<group>";
		};
		09CDFCA92BF8D43E00C2B4C1 /* Products */ = {
			isa = PBXGroup;
			children = (
				09CDFCA82BF8D43E00C2B4C1 /* Transmission-client.app */,
				09A53C312C01C8CC0052E68C /* TransmissionProgressExtension.appex */,
			);
			name = Products;
			sourceTree = "<group>";
		};
		09CDFCAA2BF8D43E00C2B4C1 /* Transmission-client */ = {
			isa = PBXGroup;
			children = (
				093E1B282BF9EF7000AD15ED /* Services */,
				0915EEBF2BF944600099A8C3 /* Views */,
				0915EEBE2BF93C010099A8C3 /* Models */,
				09CDFCAB2BF8D43E00C2B4C1 /* Transmission_clientApp.swift */,
				09CDFCB12BF8D43F00C2B4C1 /* Assets.xcassets */,
				09CDFCB32BF8D43F00C2B4C1 /* Transmission_client.entitlements */,
				09CDFCB42BF8D43F00C2B4C1 /* Preview Content */,
			);
			path = "Transmission-client";
			sourceTree = "<group>";
		};
		09CDFCB42BF8D43F00C2B4C1 /* Preview Content */ = {
			isa = PBXGroup;
			children = (
				09CDFCB52BF8D43F00C2B4C1 /* Preview Assets.xcassets */,
			);
			path = "Preview Content";
			sourceTree = "<group>";
		};
/* End PBXGroup section */

/* Begin PBXNativeTarget section */
		09A53C302C01C8CC0052E68C /* TransmissionProgressExtension */ = {
			isa = PBXNativeTarget;
			buildConfigurationList = 09A53C472C01C8CE0052E68C /* Build configuration list for PBXNativeTarget "TransmissionProgressExtension" */;
			buildPhases = (
				09A53C2D2C01C8CC0052E68C /* Sources */,
				09A53C2E2C01C8CC0052E68C /* Frameworks */,
				09A53C2F2C01C8CC0052E68C /* Resources */,
			);
			buildRules = (
			);
			dependencies = (
			);
			name = TransmissionProgressExtension;
			productName = TransmissionProgressExtension;
			productReference = 09A53C312C01C8CC0052E68C /* TransmissionProgressExtension.appex */;
			productType = "com.apple.product-type.app-extension";
		};
		09CDFCA72BF8D43E00C2B4C1 /* Transmission-client */ = {
			isa = PBXNativeTarget;
			buildConfigurationList = 09CDFCB92BF8D43F00C2B4C1 /* Build configuration list for PBXNativeTarget "Transmission-client" */;
			buildPhases = (
				09CDFCA42BF8D43E00C2B4C1 /* Sources */,
				09CDFCA52BF8D43E00C2B4C1 /* Frameworks */,
				09CDFCA62BF8D43E00C2B4C1 /* Resources */,
				09A53C442C01C8CE0052E68C /* Embed Foundation Extensions */,
			);
			buildRules = (
			);
			dependencies = (
				09A53C422C01C8CE0052E68C /* PBXTargetDependency */,
			);
			name = "Transmission-client";
			productName = "Transmission-client";
			productReference = 09CDFCA82BF8D43E00C2B4C1 /* Transmission-client.app */;
			productType = "com.apple.product-type.application";
		};
/* End PBXNativeTarget section */

/* Begin PBXProject section */
		09CDFCA02BF8D43E00C2B4C1 /* Project object */ = {
			isa = PBXProject;
			attributes = {
				BuildIndependentTargetsInParallel = 1;
				LastSwiftUpdateCheck = 1540;
				LastUpgradeCheck = 1530;
				TargetAttributes = {
					09A53C302C01C8CC0052E68C = {
						CreatedOnToolsVersion = 15.4;
					};
					09CDFCA72BF8D43E00C2B4C1 = {
						CreatedOnToolsVersion = 15.3;
					};
				};
			};
			buildConfigurationList = 09CDFCA32BF8D43E00C2B4C1 /* Build configuration list for PBXProject "Transmission-client" */;
			compatibilityVersion = "Xcode 14.0";
			developmentRegion = en;
			hasScannedForEncodings = 0;
			knownRegions = (
				en,
				Base,
			);
			mainGroup = 09CDFC9F2BF8D43E00C2B4C1;
			productRefGroup = 09CDFCA92BF8D43E00C2B4C1 /* Products */;
			projectDirPath = "";
			projectRoot = "";
			targets = (
				09CDFCA72BF8D43E00C2B4C1 /* Transmission-client */,
				09A53C302C01C8CC0052E68C /* TransmissionProgressExtension */,
			);
		};
/* End PBXProject section */

/* Begin PBXResourcesBuildPhase section */
		09A53C2F2C01C8CC0052E68C /* Resources */ = {
			isa = PBXResourcesBuildPhase;
			buildActionMask = 2147483647;
			files = (
				09A53C3F2C01C8CE0052E68C /* Assets.xcassets in Resources */,
			);
			runOnlyForDeploymentPostprocessing = 0;
		};
		09CDFCA62BF8D43E00C2B4C1 /* Resources */ = {
			isa = PBXResourcesBuildPhase;
			buildActionMask = 2147483647;
			files = (
				09CDFCB62BF8D43F00C2B4C1 /* Preview Assets.xcassets in Resources */,
				09CDFCB22BF8D43F00C2B4C1 /* Assets.xcassets in Resources */,
			);
			runOnlyForDeploymentPostprocessing = 0;
		};
/* End PBXResourcesBuildPhase section */

/* Begin PBXSourcesBuildPhase section */
		09A53C2D2C01C8CC0052E68C /* Sources */ = {
			isa = PBXSourcesBuildPhase;
			buildActionMask = 2147483647;
			files = (
				09A53C4A2C01C9460052E68C /* TorrentProgressAttributes.swift in Sources */,
				09A53C392C01C8CC0052E68C /* TransmissionProgressBundle.swift in Sources */,
				09A53C3D2C01C8CC0052E68C /* TransmissionProgress.swift in Sources */,
				09A53C3B2C01C8CC0052E68C /* TransmissionProgressLiveActivity.swift in Sources */,
			);
			runOnlyForDeploymentPostprocessing = 0;
		};
		09CDFCA42BF8D43E00C2B4C1 /* Sources */ = {
			isa = PBXSourcesBuildPhase;
			buildActionMask = 2147483647;
			files = (
				0915EEBB2BF8F3E30099A8C3 /* ConfigView.swift in Sources */,
				09CDFCAE2BF8D43E00C2B4C1 /* TorrentListView.swift in Sources */,
				09CDFCB02BF8D43E00C2B4C1 /* Item.swift in Sources */,
				093E1B2A2BFA2A7D00AD15ED /* TransmissionRPC.swift in Sources */,
				09CDFCAC2BF8D43E00C2B4C1 /* Transmission_clientApp.swift in Sources */,
				0915EEBD2BF93BF90099A8C3 /* Torrent.swift in Sources */,
				09A53C492C01C9460052E68C /* TorrentProgressAttributes.swift in Sources */,
			);
			runOnlyForDeploymentPostprocessing = 0;
		};
/* End PBXSourcesBuildPhase section */

/* Begin PBXTargetDependency section */
		09A53C422C01C8CE0052E68C /* PBXTargetDependency */ = {
			isa = PBXTargetDependency;
			target = 09A53C302C01C8CC0052E68C /* TransmissionProgressExtension */;
			targetProxy = 09A53C412C01C8CE0052E68C /* PBXContainerItemProxy */;
		};
/* End PBXTargetDependency section */

/* Begin XCBuildConfiguration section */
		09A53C452C01C8CE0052E68C /* Debug */ = {
			isa = XCBuildConfiguration;
			buildSettings = {
				ASSETCATALOG_COMPILER_GLOBAL_ACCENT_COLOR_NAME = AccentColor;
				ASSETCATALOG_COMPILER_WIDGET_BACKGROUND_COLOR_NAME = WidgetBackground;
				CODE_SIGN_STYLE = Automatic;
				CURRENT_PROJECT_VERSION = 1;
				DEVELOPMENT_TEAM = 9SSFL45E6S;
				GENERATE_INFOPLIST_FILE = YES;
				INFOPLIST_FILE = TransmissionProgress/Info.plist;
				INFOPLIST_KEY_CFBundleDisplayName = TransmissionProgress;
				INFOPLIST_KEY_NSHumanReadableCopyright = "";
				IPHONEOS_DEPLOYMENT_TARGET = 17.5;
				LD_RUNPATH_SEARCH_PATHS = (
					"$(inherited)",
					"@executable_path/Frameworks",
					"@executable_path/../../Frameworks",
				);
				MARKETING_VERSION = 1.0;
				PRODUCT_BUNDLE_IDENTIFIER = "com.frisk038.Transmission-client.TransmissionProgress";
				PRODUCT_NAME = "$(TARGET_NAME)";
				SDKROOT = iphoneos;
				SKIP_INSTALL = YES;
				SWIFT_EMIT_LOC_STRINGS = YES;
				SWIFT_VERSION = 5.0;
				TARGETED_DEVICE_FAMILY = "1,2";
			};
			name = Debug;
		};
		09A53C462C01C8CE0052E68C /* Release */ = {
			isa = XCBuildConfiguration;
			buildSettings = {
				ASSETCATALOG_COMPILER_GLOBAL_ACCENT_COLOR_NAME = AccentColor;
				ASSETCATALOG_COMPILER_WIDGET_BACKGROUND_COLOR_NAME = WidgetBackground;
				CODE_SIGN_STYLE = Automatic;
				CURRENT_PROJECT_VERSION = 1;
				DEVELOPMENT_TEAM = 9SSFL45E6S;
				GENERATE_INFOPLIST_FILE = YES;
				INFOPLIST_FILE = TransmissionProgress/Info.plist;
				INFOPLIST_KEY_CFBundleDisplayName = TransmissionProgress;
				INFOPLIST_KEY_NSHumanReadableCopyright = "";
				IPHONEOS_DEPLOYMENT_TARGET = 17.5;
				LD_RUNPATH_SEARCH_PATHS = (
					"$(inherited)",
					"@executable_path/Frameworks",
					"@executable_path/../../Frameworks",
				);
				MARKETING_VERSION = 1.0;
				PRODUCT_BUNDLE_IDENTIFIER = "com.frisk038.Transmission-client.TransmissionProgress";
				PRODUCT_NAME = "$(TARGET_NAME)";
				SDKROOT = iphoneos;
				SKIP_INSTALL = YES;
				SWIFT_EMIT_LOC_STRINGS = YES;
				SWIFT_VERSION = 5.0;
				TARGETED_DEVICE_FAMILY = "1,2";
				VALIDATE_PRODUCT = YES;
			};
			name = Release;
		};
		09CDFCB72BF8D43F00C2B4C1 /* Debug */ = {
			isa = XCBuildConfiguration;
			buildSettings = {
				ALWAYS_SEARCH_USER_PATHS = NO;
				ASSETCATALOG_COMPILER_GENERATE_SWIFT_ASSET_SYMBOL_EXTENSIONS = YES;
				CLANG_ANALYZER_NONNULL = YES;
				CLANG_ANALYZER_NUMBER_OBJECT_CONVERSION = YES_AGGRESSIVE;
				CLANG_CXX_LANGUAGE_STANDARD = "gnu++20";
				CLANG_ENABLE_MODULES = YES;
				CLANG_ENABLE_OBJC_ARC = YES;
				CLANG_ENABLE_OBJC_WEAK = YES;
				CLANG_WARN_BLOCK_CAPTURE_AUTORELEASING = YES;
				CLANG_WARN_BOOL_CONVERSION = YES;
				CLANG_WARN_COMMA = YES;
				CLANG_WARN_CONSTANT_CONVERSION = YES;
				CLANG_WARN_DEPRECATED_OBJC_IMPLEMENTATIONS = YES;
				CLANG_WARN_DIRECT_OBJC_ISA_USAGE = YES_ERROR;
				CLANG_WARN_DOCUMENTATION_COMMENTS = YES;
				CLANG_WARN_EMPTY_BODY = YES;
				CLANG_WARN_ENUM_CONVERSION = YES;
				CLANG_WARN_INFINITE_RECURSION = YES;
				CLANG_WARN_INT_CONVERSION = YES;
				CLANG_WARN_NON_LITERAL_NULL_CONVERSION = YES;
				CLANG_WARN_OBJC_IMPLICIT_RETAIN_SELF = YES;
				CLANG_WARN_OBJC_LITERAL_CONVERSION = YES;
				CLANG_WARN_OBJC_ROOT_CLASS = YES_ERROR;
				CLANG_WARN_QUOTED_INCLUDE_IN_FRAMEWORK_HEADER = YES;
				CLANG_WARN_RANGE_LOOP_ANALYSIS = YES;
				CLANG_WARN_STRICT_PROTOTYPES = YES;
				CLANG_WARN_SUSPICIOUS_MOVE = YES;
				CLANG_WARN_UNGUARDED_AVAILABILITY = YES_AGGRESSIVE;
				CLANG_WARN_UNREACHABLE_CODE = YES;
				CLANG_WARN__DUPLICATE_METHOD_MATCH = YES;
				COPY_PHASE_STRIP = NO;
				DEBUG_INFORMATION_FORMAT = dwarf;
				ENABLE_STRICT_OBJC_MSGSEND = YES;
				ENABLE_TESTABILITY = YES;
				ENABLE_USER_SCRIPT_SANDBOXING = YES;
				GCC_C_LANGUAGE_STANDARD = gnu17;
				GCC_DYNAMIC_NO_PIC = NO;
				GCC_NO_COMMON_BLOCKS = YES;
				GCC_OPTIMIZATION_LEVEL = 0;
				GCC_PREPROCESSOR_DEFINITIONS = (
					"DEBUG=1",
					"$(inherited)",
				);
				GCC_WARN_64_TO_32_BIT_CONVERSION = YES;
				GCC_WARN_ABOUT_RETURN_TYPE = YES_ERROR;
				GCC_WARN_UNDECLARED_SELECTOR = YES;
				GCC_WARN_UNINITIALIZED_AUTOS = YES_AGGRESSIVE;
				GCC_WARN_UNUSED_FUNCTION = YES;
				GCC_WARN_UNUSED_VARIABLE = YES;
				LOCALIZATION_PREFERS_STRING_CATALOGS = YES;
				MTL_ENABLE_DEBUG_INFO = INCLUDE_SOURCE;
				MTL_FAST_MATH = YES;
				ONLY_ACTIVE_ARCH = YES;
				SWIFT_ACTIVE_COMPILATION_CONDITIONS = "DEBUG $(inherited)";
				SWIFT_OPTIMIZATION_LEVEL = "-Onone";
			};
			name = Debug;
		};
		09CDFCB82BF8D43F00C2B4C1 /* Release */ = {
			isa = XCBuildConfiguration;
			buildSettings = {
				ALWAYS_SEARCH_USER_PATHS = NO;
				ASSETCATALOG_COMPILER_GENERATE_SWIFT_ASSET_SYMBOL_EXTENSIONS = YES;
				CLANG_ANALYZER_NONNULL = YES;
				CLANG_ANALYZER_NUMBER_OBJECT_CONVERSION = YES_AGGRESSIVE;
				CLANG_CXX_LANGUAGE_STANDARD = "gnu++20";
				CLANG_ENABLE_MODULES = YES;
				CLANG_ENABLE_OBJC_ARC = YES;
				CLANG_ENABLE_OBJC_WEAK = YES;
				CLANG_WARN_BLOCK_CAPTURE_AUTORELEASING = YES;
				CLANG_WARN_BOOL_CONVERSION = YES;
				CLANG_WARN_COMMA = YES;
				CLANG_WARN_CONSTANT_CONVERSION = YES;
				CLANG_WARN_DEPRECATED_OBJC_IMPLEMENTATIONS = YES;
				CLANG_WARN_DIRECT_OBJC_ISA_USAGE = YES_ERROR;
				CLANG_WARN_DOCUMENTATION_COMMENTS = YES;
				CLANG_WARN_EMPTY_BODY = YES;
				CLANG_WARN_ENUM_CONVERSION = YES;
				CLANG_WARN_INFINITE_RECURSION = YES;
				CLANG_WARN_INT_CONVERSION = YES;
				CLANG_WARN_NON_LITERAL_NULL_CONVERSION = YES;
				CLANG_WARN_OBJC_IMPLICIT_RETAIN_SELF = YES;
				CLANG_WARN_OBJC_LITERAL_CONVERSION = YES;
				CLANG_WARN_OBJC_ROOT_CLASS = YES_ERROR;
				CLANG_WARN_QUOTED_INCLUDE_IN_FRAMEWORK_HEADER = YES;
				CLANG_WARN_RANGE_LOOP_ANALYSIS = YES;
				CLANG_WARN_STRICT_PROTOTYPES = YES;
				CLANG_WARN_SUSPICIOUS_MOVE = YES;
				CLANG_WARN_UNGUARDED_AVAILABILITY = YES_AGGRESSIVE;
				CLANG_WARN_UNREACHABLE_CODE = YES;
				CLANG_WARN__DUPLICATE_METHOD_MATCH = YES;
				COPY_PHASE_STRIP = NO;
				DEBUG_INFORMATION_FORMAT = "dwarf-with-dsym";
				ENABLE_NS_ASSERTIONS = NO;
				ENABLE_STRICT_OBJC_MSGSEND = YES;
				ENABLE_USER_SCRIPT_SANDBOXING = YES;
				GCC_C_LANGUAGE_STANDARD = gnu17;
				GCC_NO_COMMON_BLOCKS = YES;
				GCC_WARN_64_TO_32_BIT_CONVERSION = YES;
				GCC_WARN_ABOUT_RETURN_TYPE = YES_ERROR;
				GCC_WARN_UNDECLARED_SELECTOR = YES;
				GCC_WARN_UNINITIALIZED_AUTOS = YES_AGGRESSIVE;
				GCC_WARN_UNUSED_FUNCTION = YES;
				GCC_WARN_UNUSED_VARIABLE = YES;
				LOCALIZATION_PREFERS_STRING_CATALOGS = YES;
				MTL_ENABLE_DEBUG_INFO = NO;
				MTL_FAST_MATH = YES;
				SWIFT_COMPILATION_MODE = wholemodule;
			};
			name = Release;
		};
		09CDFCBA2BF8D43F00C2B4C1 /* Debug */ = {
			isa = XCBuildConfiguration;
			buildSettings = {
				ALWAYS_EMBED_SWIFT_STANDARD_LIBRARIES = YES;
				ASSETCATALOG_COMPILER_APPICON_NAME = AppIcon;
				ASSETCATALOG_COMPILER_GLOBAL_ACCENT_COLOR_NAME = AccentColor;
				CODE_SIGN_ENTITLEMENTS = "Transmission-client/Transmission_client.entitlements";
				CODE_SIGN_STYLE = Automatic;
				CURRENT_PROJECT_VERSION = 1;
				DEVELOPMENT_ASSET_PATHS = "\"Transmission-client/Preview Content\"";
				DEVELOPMENT_TEAM = 9SSFL45E6S;
				ENABLE_HARDENED_RUNTIME = YES;
				ENABLE_PREVIEWS = YES;
				GENERATE_INFOPLIST_FILE = YES;
				INFOPLIST_KEY_NSSupportsLiveActivities = YES;
				"INFOPLIST_KEY_UIApplicationSceneManifest_Generation[sdk=iphoneos*]" = YES;
				"INFOPLIST_KEY_UIApplicationSceneManifest_Generation[sdk=iphonesimulator*]" = YES;
				"INFOPLIST_KEY_UIApplicationSupportsIndirectInputEvents[sdk=iphoneos*]" = YES;
				"INFOPLIST_KEY_UIApplicationSupportsIndirectInputEvents[sdk=iphonesimulator*]" = YES;
				"INFOPLIST_KEY_UILaunchScreen_Generation[sdk=iphoneos*]" = YES;
				"INFOPLIST_KEY_UILaunchScreen_Generation[sdk=iphonesimulator*]" = YES;
				"INFOPLIST_KEY_UIStatusBarStyle[sdk=iphoneos*]" = UIStatusBarStyleDefault;
				"INFOPLIST_KEY_UIStatusBarStyle[sdk=iphonesimulator*]" = UIStatusBarStyleDefault;
				INFOPLIST_KEY_UISupportedInterfaceOrientations_iPad = "UIInterfaceOrientationPortrait UIInterfaceOrientationPortraitUpsideDown UIInterfaceOrientationLandscapeLeft UIInterfaceOrientationLandscapeRight";
				INFOPLIST_KEY_UISupportedInterfaceOrientations_iPhone = "UIInterfaceOrientationPortrait UIInterfaceOrientationLandscapeLeft UIInterfaceOrientationLandscapeRight";
				IPHONEOS_DEPLOYMENT_TARGET = 17.4;
				LD_RUNPATH_SEARCH_PATHS = "@executable_path/Frameworks";
				"LD_RUNPATH_SEARCH_PATHS[sdk=macosx*]" = "@executable_path/../Frameworks";
				MACOSX_DEPLOYMENT_TARGET = 14.0;
				MARKETING_VERSION = 1.0;
				PRODUCT_BUNDLE_IDENTIFIER = "com.frisk038.Transmission-client";
				PRODUCT_NAME = "$(TARGET_NAME)";
				SDKROOT = auto;
				SUPPORTED_PLATFORMS = "iphoneos iphonesimulator macosx";
				SWIFT_EMIT_LOC_STRINGS = YES;
				SWIFT_VERSION = 5.0;
				TARGETED_DEVICE_FAMILY = "1,2";
			};
			name = Debug;
		};
		09CDFCBB2BF8D43F00C2B4C1 /* Release */ = {
			isa = XCBuildConfiguration;
			buildSettings = {
				ALWAYS_EMBED_SWIFT_STANDARD_LIBRARIES = YES;
				ASSETCATALOG_COMPILER_APPICON_NAME = AppIcon;
				ASSETCATALOG_COMPILER_GLOBAL_ACCENT_COLOR_NAME = AccentColor;
				CODE_SIGN_ENTITLEMENTS = "Transmission-client/Transmission_client.entitlements";
				CODE_SIGN_STYLE = Automatic;
				CURRENT_PROJECT_VERSION = 1;
				DEVELOPMENT_ASSET_PATHS = "\"Transmission-client/Preview Content\"";
				DEVELOPMENT_TEAM = 9SSFL45E6S;
				ENABLE_HARDENED_RUNTIME = YES;
				ENABLE_PREVIEWS = YES;
				GENERATE_INFOPLIST_FILE = YES;
				INFOPLIST_KEY_NSSupportsLiveActivities = YES;
				"INFOPLIST_KEY_UIApplicationSceneManifest_Generation[sdk=iphoneos*]" = YES;
				"INFOPLIST_KEY_UIApplicationSceneManifest_Generation[sdk=iphonesimulator*]" = YES;
				"INFOPLIST_KEY_UIApplicationSupportsIndirectInputEvents[sdk=iphoneos*]" = YES;
				"INFOPLIST_KEY_UIApplicationSupportsIndirectInputEvents[sdk=iphonesimulator*]" = YES;
				"INFOPLIST_KEY_UILaunchScreen_Generation[sdk=iphoneos*]" = YES;
				"INFOPLIST_KEY_UILaunchScreen_Generation[sdk=iphonesimulator*]" = YES;
				"INFOPLIST_KEY_UIStatusBarStyle[sdk=iphoneos*]" = UIStatusBarStyleDefault;
				"INFOPLIST_KEY_UIStatusBarStyle[sdk=iphonesimulator*]" = UIStatusBarStyleDefault;
				INFOPLIST_KEY_UISupportedInterfaceOrientations_iPad = "UIInterfaceOrientationPortrait UIInterfaceOrientationPortraitUpsideDown UIInterfaceOrientationLandscapeLeft UIInterfaceOrientationLandscapeRight";
				INFOPLIST_KEY_UISupportedInterfaceOrientations_iPhone = "UIInterfaceOrientationPortrait UIInterfaceOrientationLandscapeLeft UIInterfaceOrientationLandscapeRight";
				IPHONEOS_DEPLOYMENT_TARGET = 17.4;
				LD_RUNPATH_SEARCH_PATHS = "@executable_path/Frameworks";
				"LD_RUNPATH_SEARCH_PATHS[sdk=macosx*]" = "@executable_path/../Frameworks";
				MACOSX_DEPLOYMENT_TARGET = 14.0;
				MARKETING_VERSION = 1.0;
				PRODUCT_BUNDLE_IDENTIFIER = "com.frisk038.Transmission-client";
				PRODUCT_NAME = "$(TARGET_NAME)";
				SDKROOT = auto;
				SUPPORTED_PLATFORMS = "iphoneos iphonesimulator macosx";
				SWIFT_EMIT_LOC_STRINGS = YES;
				SWIFT_VERSION = 5.0;
				TARGETED_DEVICE_FAMILY = "1,2";
			};
			name = Release;
		};
/* End XCBuildConfiguration section */

/* Begin XCConfigurationList section */
		09A53C472C01C8CE0052E68C /* Build configuration list for PBXNativeTarget "TransmissionProgressExtension" */ = {
			isa = XCConfigurationList;
			buildConfigurations = (
				09A53C452C01C8CE0052E68C /* Debug */,
				09A53C462C01C8CE0052E68C /* Release */,
			);
			defaultConfigurationIsVisible = 0;
			defaultConfigurationName = Release;
		};
		09CDFCA32BF8D43E00C2B4C1 /* Build configuration list for PBXProject "Transmission-client" */ = {
			isa = XCConfigurationList;
			buildConfigurations = (
				09CDFCB72BF8D43F00C2B4C1 /* Debug */,
				09CDFCB82BF8D43F00C2B4C1 /* Release */,
			);
			defaultConfigurationIsVisible = 0;
			defaultConfigurationName = Release;
		};
		09CDFCB92BF8D43F00C2B4C1 /* Build configuration list for PBXNativeTarget "Transmission-client" */ = {
			isa = XCConfigurationList;
			buildConfigurations = (
				09CDFCBA2BF8D43F00C2B4C1 /* Debug */,
				09CDFCBB2BF8D43F00C2B4C1 /* Release */,
			);
			defaultConfigurationIsVisible = 0;
			defaultConfigurationName = Release;
		};
/* End XCConfigurationList section */
	};
	rootObject = 09CDFCA02BF8D43E00C2B4C1 /* Project object */;
}
